
Microsoft Visual Studio Solution File, Format Version 12.00
# Visual Studio Version 17
VisualStudioVersion = 17.6.33829.357
MinimumVisualStudioVersion = 10.0.40219.1
Project("{FAE04EC0-301F-11D3-BF4B-00C04F79EFBC}") = "HackerRank", "HackerRank\HackerRank.csproj", "{AD093B06-30CD-4149-8CE5-5C8FFC9C9A21}"
EndProject
Global
	GlobalSection(SolutionConfigurationPlatforms) = preSolution
		Debug|Any CPU = Debug|Any CPU
		Release|Any CPU = Release|Any CPU
	EndGlobalSection
	GlobalSection(ProjectConfigurationPlatforms) = postSolution
		{AD093B06-30CD-4149-8CE5-5C8FFC9C9A21}.Debug|Any CPU.ActiveCfg = Debug|Any CPU
		{AD093B06-30CD-4149-8CE5-5C8FFC9C9A21}.Debug|Any CPU.Build.0 = Debug|Any CPU
		{AD093B06-30CD-4149-8CE5-5C8FFC9C9A21}.Release|Any CPU.ActiveCfg = Release|Any CPU
		{AD093B06-30CD-4149-8CE5-5C8FFC9C9A21}.Release|Any CPU.Build.0 = Release|Any CPU
	EndGlobalSection
	GlobalSection(SolutionProperties) = preSolution
		HideSolutionNode = FALSE
	EndGlobalSection
	GlobalSection(ExtensibilityGlobals) = postSolution
		SolutionGuid = {12214770-A574-49AA-94CF-4CF402ABB2FD}
	EndGlobalSection
EndGlobal
